{
  "pins" : [
    {
      "identity" : "keychain-swift",
      "kind" : "remoteSourceControl",
      "location" : "https://github.com/evgenyneu/keychain-swift.git",
      "state" : {
        "branch" : "master",
        "revision" : "5e1b02b6a9dac2a759a1d5dbc175c86bd192a608"
      }
    }
  ],
  "version" : 2
}
